
Microsoft Visual Studio Solution File, Format Version 12.00
# Visual Studio Version 17
VisualStudioVersion = 17.9.34714.143
MinimumVisualStudioVersion = 10.0.40219.1
Project("{FAE04EC0-301F-11D3-BF4B-00C04F79EFBC}") = "Part11", "Part11.csproj", "{9F71D9A4-27B3-49C9-9CEE-9A078A9C6F05}"
EndProject
Global
	GlobalSection(SolutionConfigurationPlatforms) = preSolution
		Debug|Any CPU = Debug|Any CPU
		Release|Any CPU = Release|Any CPU
	EndGlobalSection
	GlobalSection(ProjectConfigurationPlatforms) = postSolution
		{9F71D9A4-27B3-49C9-9CEE-9A078A9C6F05}.Debug|Any CPU.ActiveCfg = Debug|Any CPU
		{9F71D9A4-27B3-49C9-9CEE-9A078A9C6F05}.Debug|Any CPU.Build.0 = Debug|Any CPU
		{9F71D9A4-27B3-49C9-9CEE-9A078A9C6F05}.Release|Any CPU.ActiveCfg = Release|Any CPU
		{9F71D9A4-27B3-49C9-9CEE-9A078A9C6F05}.Release|Any CPU.Build.0 = Release|Any CPU
	EndGlobalSection
	GlobalSection(SolutionProperties) = preSolution
		HideSolutionNode = FALSE
	EndGlobalSection
	GlobalSection(ExtensibilityGlobals) = postSolution
		SolutionGuid = {41DDC7D2-2AD0-4C8B-9BC0-4B369AA6CE21}
	EndGlobalSection
EndGlobal
